
Microsoft Visual Studio Solution File, Format Version 12.00
# Visual Studio Version 16
VisualStudioVersion = 16.0.31702.278
MinimumVisualStudioVersion = 10.0.40219.1
Project("{9A19103F-16F7-4668-BE54-9A1E7A4F7556}") = "WorldCities", "WorldCities\WorldCities.csproj", "{49BBBAC0-0D66-4B65-97C7-A6E3498E609B}"
EndProject
Project("{9A19103F-16F7-4668-BE54-9A1E7A4F7556}") = "WorldCities.Tests", "WorldCities.Tests\WorldCities.Tests.csproj", "{F9DB6491-02CA-4BA3-BE05-BC3117662AB4}"
EndProject
Global
	GlobalSection(SolutionConfigurationPlatforms) = preSolution
		Debug|Any CPU = Debug|Any CPU
		Release|Any CPU = Release|Any CPU
	EndGlobalSection
	GlobalSection(ProjectConfigurationPlatforms) = postSolution
		{49BBBAC0-0D66-4B65-97C7-A6E3498E609B}.Debug|Any CPU.ActiveCfg = Debug|Any CPU
		{49BBBAC0-0D66-4B65-97C7-A6E3498E609B}.Debug|Any CPU.Build.0 = Debug|Any CPU
		{49BBBAC0-0D66-4B65-97C7-A6E3498E609B}.Release|Any CPU.ActiveCfg = Release|Any CPU
		{49BBBAC0-0D66-4B65-97C7-A6E3498E609B}.Release|Any CPU.Build.0 = Release|Any CPU
		{F9DB6491-02CA-4BA3-BE05-BC3117662AB4}.Debug|Any CPU.ActiveCfg = Debug|Any CPU
		{F9DB6491-02CA-4BA3-BE05-BC3117662AB4}.Debug|Any CPU.Build.0 = Debug|Any CPU
		{F9DB6491-02CA-4BA3-BE05-BC3117662AB4}.Release|Any CPU.ActiveCfg = Release|Any CPU
		{F9DB6491-02CA-4BA3-BE05-BC3117662AB4}.Release|Any CPU.Build.0 = Release|Any CPU
	EndGlobalSection
	GlobalSection(SolutionProperties) = preSolution
		HideSolutionNode = FALSE
	EndGlobalSection
	GlobalSection(ExtensibilityGlobals) = postSolution
		SolutionGuid = {61CF2CFB-D18A-4B85-9D02-1DD29B03CCE5}
	EndGlobalSection
EndGlobal
